
Microsoft Visual Studio Solution File, Format Version 12.00
# Visual Studio 15
VisualStudioVersion = 15.0.28010.2016
MinimumVisualStudioVersion = 10.0.40219.1
Project("{FAE04EC0-301F-11D3-BF4B-00C04F79EFBC}") = "anrodse.csvparser", "anrodse.csvparser\anrodse.csvparser.csproj", "{BD8966E8-6FBA-4061-8D05-0B427744B95E}"
EndProject
Project("{FAE04EC0-301F-11D3-BF4B-00C04F79EFBC}") = "anrodse.csvparser.Demo", "anrodse.csvparser.Demo\anrodse.csvparser.Demo.csproj", "{0018E036-45EB-4DB1-A17E-F3B79CE7F320}"
	ProjectSection(ProjectDependencies) = postProject
		{BD8966E8-6FBA-4061-8D05-0B427744B95E} = {BD8966E8-6FBA-4061-8D05-0B427744B95E}
	EndProjectSection
EndProject
Global
	GlobalSection(SolutionConfigurationPlatforms) = preSolution
		Debug|Any CPU = Debug|Any CPU
		Release|Any CPU = Release|Any CPU
	EndGlobalSection
	GlobalSection(ProjectConfigurationPlatforms) = postSolution
		{BD8966E8-6FBA-4061-8D05-0B427744B95E}.Debug|Any CPU.ActiveCfg = Debug|Any CPU
		{BD8966E8-6FBA-4061-8D05-0B427744B95E}.Debug|Any CPU.Build.0 = Debug|Any CPU
		{BD8966E8-6FBA-4061-8D05-0B427744B95E}.Release|Any CPU.ActiveCfg = Release|Any CPU
		{BD8966E8-6FBA-4061-8D05-0B427744B95E}.Release|Any CPU.Build.0 = Release|Any CPU
		{0018E036-45EB-4DB1-A17E-F3B79CE7F320}.Debug|Any CPU.ActiveCfg = Debug|Any CPU
		{0018E036-45EB-4DB1-A17E-F3B79CE7F320}.Debug|Any CPU.Build.0 = Debug|Any CPU
		{0018E036-45EB-4DB1-A17E-F3B79CE7F320}.Release|Any CPU.ActiveCfg = Release|Any CPU
		{0018E036-45EB-4DB1-A17E-F3B79CE7F320}.Release|Any CPU.Build.0 = Release|Any CPU
	EndGlobalSection
	GlobalSection(SolutionProperties) = preSolution
		HideSolutionNode = FALSE
	EndGlobalSection
	GlobalSection(ExtensibilityGlobals) = postSolution
		SolutionGuid = {172A62E6-6031-4786-B48D-7E03A40C6C15}
	EndGlobalSection
EndGlobal
